{
  "lockfile-version": 1,
  "manifest": {
    "schema-version": "1.15.0",
    "install": {
      "bun": {
        "pkg-path": "bun",
        "version": "1.3.13"
      },
      "claude-code": {
        "pkg-path": "claude-code",
        "pkg-group": "claude-code",
        "version": "2.1.238"
      },
      "codex": {
        "pkg-path": "codex",
        "pkg-group": "codex",
        "version": "0.149.0"
      },
      "go-task": {
        "pkg-path": "go-task",
        "version": "3.48.0"
      },
      "infer": {
        "flake": "github:inference-gateway/cli/v0.181.0"
      }
    },
    "hook": {
      "on-activate": "  task setup\n"
    },
    "options": {}
  },
  "packages": [
    {
      "attr_path": "claude-code",
      "broken": false,
      "derivation": "/nix/store/1pk8z3lpf4b902cfki2hj75pq7y4gsl2-claude-code-2.1.238.drv",
      "description": "Agentic coding tool that lives in your terminal, understands your codebase, and helps you code faster",
      "install_id": "claude-code",
      "license": "Unfree",
      "locked_url": "https://github.com/flox/nixpkgs?rev=56c02bc00adcf003215cc4bd996d6efaf4cff188",
      "name": "claude-code-2.1.238",
      "pname": "claude-code",
      "rev": "56c02bc00adcf003215cc4bd996d6efaf4cff188",
      "rev_count": 1060451,
      "rev_date": "2026-08-23T15:22:48Z",
      "scrape_date": "2026-08-25T04:56:36.841005Z",
      "stabilities": [
        "unstable"
      ],
      "unfree": true,
      "version": "2.1.238",
      "outputs_to_install": [
        "out"
      ],
      "outputs": {
        "out": "/nix/store/kjnmmrf7v36j58p28wfcxikqx95x360s-claude-code-2.1.238"
      },
      "system": "aarch64-darwin",
      "group": "claude-code",
      "priority": 5
    },
    {
      "attr_path": "claude-code",
      "broken": false,
      "derivation": "/nix/store/hmxbbx2fmz8dfz5zyhza7fdgpfg43sxg-claude-code-2.1.238.drv",
      "description": "Agentic coding tool that lives in your terminal, understands your codebase, and helps you code faster",
      "install_id": "claude-code",
      "license": "Unfree",
      "locked_url": "https://github.com/flox/nixpkgs?rev=56c02bc00adcf003215cc4bd996d6efaf4cff188",
      "name": "claude-code-2.1.238",
      "pname": "claude-code",
      "rev": "56c02bc00adcf003215cc4bd996d6efaf4cff188",
      "rev_count": 1060451,
      "rev_date": "2026-08-23T15:22:48Z",
      "scrape_date": "2026-08-25T05:27:21.992477Z",
      "stabilities": [
        "unstable"
      ],
      "unfree": true,
      "version": "2.1.238",
      "outputs_to_install": [
        "out"
      ],
      "outputs": {
        "out": "/nix/store/s88n98j5wn3mgav74nx46wlrvjzq1b9l-claude-code-2.1.238"
      },
      "system": "aarch64-linux",
      "group": "claude-code",
      "priority": 5
    },
    {
      "attr_path": "claude-code",
      "broken": false,
      "derivation": "/nix/store/myal77xjy2yldx80q552x1720zm28qfq-claude-code-2.1.238.drv",
      "description": "Agentic coding tool that lives in your terminal, understands your codebase, and helps you code faster",
      "install_id": "claude-code",
      "license": "Unfree",
      "locked_url": "https://github.com/flox/nixpkgs?rev=56c02bc00adcf003215cc4bd996d6efaf4cff188",
      "name": "claude-code-2.1.238",
      "pname": "claude-code",
      "rev": "56c02bc00adcf003215cc4bd996d6efaf4cff188",
      "rev_count": 1060451,
      "rev_date": "2026-08-23T15:22:48Z",
      "scrape_date": "2026-08-25T06:00:36.213524Z",
      "stabilities": [
        "unstable"
      ],
      "unfree": true,
      "version": "2.1.238",
      "outputs_to_install": [
        "out"
      ],
      "outputs": {
        "out": "/nix/store/kn3qc9ri2izd493mh78pmjlazk4610vq-claude-code-2.1.238"
      },
      "system": "x86_64-linux",
      "group": "claude-code",
      "priority": 5
    },
    {
      "attr_path": "codex",
      "broken": false,
      "derivation": "/nix/store/m87xv5vamv9vjazp4rbwyplaar5c9ppk-codex-0.149.0.drv",
      "description": "Lightweight coding agent that runs in your terminal",
      "install_id": "codex",
      "license": "Apache-2.0",
      "locked_url": "https://github.com/flox/nixpkgs?rev=56c02bc00adcf003215cc4bd996d6efaf4cff188",
      "name": "codex-0.149.0",
      "pname": "codex",
      "rev": "56c02bc00adcf003215cc4bd996d6efaf4cff188",
      "rev_count": 1060451,
      "rev_date": "2026-08-23T15:22:48Z",
      "scrape_date": "2026-08-25T04:56:36.883321Z",
      "stabilities": [
        "unstable"
      ],
      "unfree": false,
      "version": "0.149.0",
      "outputs_to_install": [
        "out"
      ],
      "outputs": {
        "out": "/nix/store/lq487899a3bnki85n99mbjd02yhky8iw-codex-0.149.0"
      },
      "system": "aarch64-darwin",
      "group": "codex",
      "priority": 5
    },
    {
      "attr_path": "codex",
      "broken": false,
      "derivation": "/nix/store/rdhiwxm2l7rm40l98yzzlbx7vq7cvhkc-codex-0.149.0.drv",
      "description": "Lightweight coding agent that runs in your terminal",
      "install_id": "codex",
      "license": "Apache-2.0",
      "locked_url": "https://github.com/flox/nixpkgs?rev=56c02bc00adcf003215cc4bd996d6efaf4cff188",
      "name": "codex-0.149.0",
      "pname": "codex",
      "rev": "56c02bc00adcf003215cc4bd996d6efaf4cff188",
      "rev_count": 1060451,
      "rev_date": "2026-08-23T15:22:48Z",
      "scrape_date": "2026-08-25T05:27:22.048318Z",
      "stabilities": [
        "unstable"
      ],
      "unfree": false,
      "version": "0.149.0",
      "outputs_to_install": [
        "out"
      ],
      "outputs": {
        "out": "/nix/store/qhgsjvd5ikr7k8rmi0fnipqh2pcqc412-codex-0.149.0"
      },
      "system": "aarch64-linux",
      "group": "codex",
      "priority": 5
    },
    {
      "attr_path": "codex",
      "broken": false,
      "derivation": "/nix/store/79jsrmcy0jpv89f9xws9h10dgr7i024x-codex-0.149.0.drv",
      "description": "Lightweight coding agent that runs in your terminal",
      "install_id": "codex",
      "license": "Apache-2.0",
      "locked_url": "https://github.com/flox/nixpkgs?rev=56c02bc00adcf003215cc4bd996d6efaf4cff188",
      "name": "codex-0.149.0",
      "pname": "codex",
      "rev": "56c02bc00adcf003215cc4bd996d6efaf4cff188",
      "rev_count": 1060451,
      "rev_date": "2026-08-23T15:22:48Z",
      "scrape_date": "2026-08-25T06:00:36.275045Z",
      "stabilities": [
        "unstable"
      ],
      "unfree": false,
      "version": "0.149.0",
      "outputs_to_install": [
        "out"
      ],
      "outputs": {
        "out": "/nix/store/al1ya5a2myhlvrwrgsiws3gyr621wa32-codex-0.149.0"
      },
      "system": "x86_64-linux",
      "group": "codex",
      "priority": 5
    },
    {
      "attr_path": "bun",
      "broken": false,
      "derivation": "/nix/store/c6s0ic2xc0xffz2cwhbab2p35f6yrzxh-bun-1.3.13.drv",
      "description": "Incredibly fast JavaScript runtime, bundler, transpiler and package manager – all in one",
      "install_id": "bun",
      "license": "[ MIT, LGPL-2.1-only ]",
      "locked_url": "https://github.com/flox/nixpkgs?rev=e5bdc4a41d4c072fe1e3787eaa0320a384741d44",
      "name": "bun-1.3.13",
      "pname": "bun",
      "rev": "e5bdc4a41d4c072fe1e3787eaa0320a384741d44",
      "rev_count": 1055335,
      "rev_date": "2026-08-16T06:49:45Z",
      "scrape_date": "2026-08-17T04:55:26.135789Z",
      "stabilities": [
        "unstable"
      ],
      "unfree": false,
      "version": "1.3.13",
      "outputs_to_install": [
        "out"
      ],
      "outputs": {
        "out": "/nix/store/kr5pp7mlvn17sj4z3kc2bi7cnihns1bf-bun-1.3.13"
      },
      "system": "aarch64-darwin",
      "group": "toplevel",
      "priority": 5
    },
    {
      "attr_path": "bun",
      "broken": false,
      "derivation": "/nix/store/qv971h6z1fk88k67xs7xydzfm52rrbv1-bun-1.3.13.drv",
      "description": "Incredibly fast JavaScript runtime, bundler, transpiler and package manager – all in one",
      "install_id": "bun",
      "license": "[ MIT, LGPL-2.1-only ]",
      "locked_url": "https://github.com/flox/nixpkgs?rev=e5bdc4a41d4c072fe1e3787eaa0320a384741d44",
      "name": "bun-1.3.13",
      "pname": "bun",
      "rev": "e5bdc4a41d4c072fe1e3787eaa0320a384741d44",
      "rev_count": 1055335,
      "rev_date": "2026-08-16T06:49:45Z",
      "scrape_date": "2026-08-17T05:24:50.509876Z",
      "stabilities": [
        "unstable"
      ],
      "unfree": false,
      "version": "1.3.13",
      "outputs_to_install": [
        "out"
      ],
      "outputs": {
        "out": "/nix/store/k6b8s259p59ckiahvg9pcmz0yhy4kvlh-bun-1.3.13"
      },
      "system": "aarch64-linux",
      "group": "toplevel",
      "priority": 5
    },
    {
      "attr_path": "bun",
      "broken": false,
      "derivation": "/nix/store/wi5xzxwprd9v5zi6q3ciszph2ij2z7zi-bun-1.3.13.drv",
      "description": "Incredibly fast JavaScript runtime, bundler, transpiler and package manager – all in one",
      "install_id": "bun",
      "license": "[ MIT, LGPL-2.1-only ]",
      "locked_url": "https://github.com/flox/nixpkgs?rev=e5bdc4a41d4c072fe1e3787eaa0320a384741d44",
      "name": "bun-1.3.13",
      "pname": "bun",
      "rev": "e5bdc4a41d4c072fe1e3787eaa0320a384741d44",
      "rev_count": 1055335,
      "rev_date": "2026-08-16T06:49:45Z",
      "scrape_date": "2026-08-17T05:57:50.609594Z",
      "stabilities": [
        "unstable"
      ],
      "unfree": false,
      "version": "1.3.13",
      "outputs_to_install": [
        "out"
      ],
      "outputs": {
        "out": "/nix/store/q89kjapqlqwlvlvwaicq6djbqp2dadgm-bun-1.3.13"
      },
      "system": "x86_64-linux",
      "group": "toplevel",
      "priority": 5
    },
    {
      "attr_path": "go-task",
      "broken": false,
      "derivation": "/nix/store/106bjghc79gmk1anglncksc5mqgr5fn1-go-task-3.48.0.drv",
      "description": "Task runner / simpler Make alternative written in Go",
      "install_id": "go-task",
      "license": "MIT",
      "locked_url": "https://github.com/flox/nixpkgs?rev=e5bdc4a41d4c072fe1e3787eaa0320a384741d44",
      "name": "go-task-3.48.0",
      "pname": "go-task",
      "rev": "e5bdc4a41d4c072fe1e3787eaa0320a384741d44",
      "rev_count": 1055335,
      "rev_date": "2026-08-16T06:49:45Z",
      "scrape_date": "2026-08-17T04:55:27.483716Z",
      "stabilities": [
        "unstable"
      ],
      "unfree": false,
      "version": "3.48.0",
      "outputs_to_install": [
        "out"
      ],
      "outputs": {
        "out": "/nix/store/rdnwxkmra0p3raw949d83wddni4iw3fk-go-task-3.48.0"
      },
      "system": "aarch64-darwin",
      "group": "toplevel",
      "priority": 5
    },
    {
      "attr_path": "go-task",
      "broken": false,
      "derivation": "/nix/store/6ps7kbrb61wd6q1bd0y94mh3k73sl4sn-go-task-3.48.0.drv",
      "description": "Task runner / simpler Make alternative written in Go",
      "install_id": "go-task",
      "license": "MIT",
      "locked_url": "https://github.com/flox/nixpkgs?rev=e5bdc4a41d4c072fe1e3787eaa0320a384741d44",
      "name": "go-task-3.48.0",
      "pname": "go-task",
      "rev": "e5bdc4a41d4c072fe1e3787eaa0320a384741d44",
      "rev_count": 1055335,
      "rev_date": "2026-08-16T06:49:45Z",
      "scrape_date": "2026-08-17T05:24:52.984597Z",
      "stabilities": [
        "unstable"
      ],
      "unfree": false,
      "version": "3.48.0",
      "outputs_to_install": [
        "out"
      ],
      "outputs": {
        "out": "/nix/store/dkf43g07rk6l4zzsp9aw3zncfpyxis7l-go-task-3.48.0"
      },
      "system": "aarch64-linux",
      "group": "toplevel",
      "priority": 5
    },
    {
      "attr_path": "go-task",
      "broken": false,
      "derivation": "/nix/store/8vf8lbr1jzh8klpki8b38rdwl22afa2d-go-task-3.48.0.drv",
      "description": "Task runner / simpler Make alternative written in Go",
      "install_id": "go-task",
      "license": "MIT",
      "locked_url": "https://github.com/flox/nixpkgs?rev=e5bdc4a41d4c072fe1e3787eaa0320a384741d44",
      "name": "go-task-3.48.0",
      "pname": "go-task",
      "rev": "e5bdc4a41d4c072fe1e3787eaa0320a384741d44",
      "rev_count": 1055335,
      "rev_date": "2026-08-16T06:49:45Z",
      "scrape_date": "2026-08-17T05:57:53.258072Z",
      "stabilities": [
        "unstable"
      ],
      "unfree": false,
      "version": "3.48.0",
      "outputs_to_install": [
        "out"
      ],
      "outputs": {
        "out": "/nix/store/99gg9mgy3spckimy9dj8z50n193srnn3-go-task-3.48.0"
      },
      "system": "x86_64-linux",
      "group": "toplevel",
      "priority": 5
    },
    {
      "install_id": "infer",
      "locked-url": "github:inference-gateway/cli/49c281e174959b2f6d3818d57e96567c7fb75259?narHash=sha256-48P4zR%2BUbU/fi9eujrE%2BhCHRLKfL7r9foFBvR9mHrJ4%3D",
      "flake-description": "Inference Gateway CLI - infer",
      "locked-flake-attr-path": "packages.aarch64-darwin.default",
      "derivation": "/nix/store/2shpg0p7clyzsl1x2nqjbbqchpji630c-infer-0.181.0.drv",
      "outputs": {
        "out": "/nix/store/b60498vz2d7cm4n0jy44kmmq1j143dfd-infer-0.181.0"
      },
      "output-names": [
        "out"
      ],
      "outputs-to-install": [
        "out"
      ],
      "requested-outputs-to-install": [],
      "package-system": "aarch64-darwin",
      "system": "aarch64-darwin",
      "name": "infer-0.181.0",
      "pname": "infer",
      "version": "0.181.0",
      "description": "Command-line interface for the Inference Gateway - AI model interaction manager",
      "licenses": [
        "MIT"
      ],
      "broken": false,
      "unfree": false,
      "priority": 5
    },
    {
      "install_id": "infer",
      "locked-url": "github:inference-gateway/cli/49c281e174959b2f6d3818d57e96567c7fb75259?narHash=sha256-48P4zR%2BUbU/fi9eujrE%2BhCHRLKfL7r9foFBvR9mHrJ4%3D",
      "flake-description": "Inference Gateway CLI - infer",
      "locked-flake-attr-path": "packages.aarch64-linux.default",
      "derivation": "/nix/store/4j3qrngjqm9pkr70d790i6rz3gkmjdq2-infer-0.181.0.drv",
      "outputs": {
        "out": "/nix/store/qgd15x68lzy42gnp88hzhnqv8q8r04gs-infer-0.181.0"
      },
      "output-names": [
        "out"
      ],
      "outputs-to-install": [
        "out"
      ],
      "requested-outputs-to-install": [],
      "package-system": "aarch64-linux",
      "system": "aarch64-linux",
      "name": "infer-0.181.0",
      "pname": "infer",
      "version": "0.181.0",
      "description": "Command-line interface for the Inference Gateway - AI model interaction manager",
      "licenses": [
        "MIT"
      ],
      "broken": false,
      "unfree": false,
      "priority": 5
    },
    {
      "install_id": "infer",
      "locked-url": "github:inference-gateway/cli/49c281e174959b2f6d3818d57e96567c7fb75259?narHash=sha256-48P4zR%2BUbU/fi9eujrE%2BhCHRLKfL7r9foFBvR9mHrJ4%3D",
      "flake-description": "Inference Gateway CLI - infer",
      "locked-flake-attr-path": "packages.x86_64-linux.default",
      "derivation": "/nix/store/09dclh3ardgm35l92d578im5mx4fw7gq-infer-0.181.0.drv",
      "outputs": {
        "out": "/nix/store/b66fbi1lnky86nq9nqlkvm2mks5lq9jj-infer-0.181.0"
      },
      "output-names": [
        "out"
      ],
      "outputs-to-install": [
        "out"
      ],
      "requested-outputs-to-install": [],
      "package-system": "x86_64-linux",
      "system": "x86_64-linux",
      "name": "infer-0.181.0",
      "pname": "infer",
      "version": "0.181.0",
      "description": "Command-line interface for the Inference Gateway - AI model interaction manager",
      "licenses": [
        "MIT"
      ],
      "broken": false,
      "unfree": false,
      "priority": 5
    }
  ]
}
