{
  "lockfile-version": 1,
  "manifest": {
    "schema-version": "1.17.0",
    "install": {
      "bun": {
        "pkg-path": "bun",
        "version": "1.3.13"
      },
      "claude-code": {
        "pkg-path": "claude-code",
        "pkg-group": "claude-code",
        "version": "2.1.280"
      },
      "codex": {
        "pkg-path": "codex",
        "pkg-group": "codex",
        "version": "0.156.1"
      },
      "go-task": {
        "pkg-path": "go-task",
        "version": "3.53.1"
      },
      "infer": {
        "flake": "github:inference-gateway/cli/v0.208.2"
      }
    },
    "hook": {
      "on-activate": "  task setup\n"
    },
    "options": {}
  },
  "packages": [
    {
      "attr_path": "claude-code",
      "broken": false,
      "derivation": "/nix/store/z8bkx9m5mrs0ia1qpqy211wn77jq2bwv-claude-code-2.1.280.drv",
      "description": "Agentic coding tool that lives in your terminal, understands your codebase, and helps you code faster",
      "install_id": "claude-code",
      "license": "Unfree",
      "locked_url": "https://github.com/flox/nixpkgs?rev=4975466d324710c576dc11ad614684e6bd8cad8e",
      "name": "claude-code-2.1.280",
      "pname": "claude-code",
      "rev": "4975466d324710c576dc11ad614684e6bd8cad8e",
      "rev_count": 1078696,
      "rev_date": "2026-09-23T17:48:10Z",
      "scrape_date": "2026-09-25T04:58:28.398784Z",
      "stabilities": [
        "unstable"
      ],
      "unfree": true,
      "version": "2.1.280",
      "outputs_to_install": [
        "out"
      ],
      "outputs": {
        "out": "/nix/store/w780qfwkbljhq7qdildn3312nff9xd9i-claude-code-2.1.280"
      },
      "system": "aarch64-darwin",
      "group": "claude-code",
      "priority": 5
    },
    {
      "attr_path": "claude-code",
      "broken": false,
      "derivation": "/nix/store/mjpzydwxzw4fckh4jfgvy19jzbg7ijbh-claude-code-2.1.280.drv",
      "description": "Agentic coding tool that lives in your terminal, understands your codebase, and helps you code faster",
      "install_id": "claude-code",
      "license": "Unfree",
      "locked_url": "https://github.com/flox/nixpkgs?rev=4975466d324710c576dc11ad614684e6bd8cad8e",
      "name": "claude-code-2.1.280",
      "pname": "claude-code",
      "rev": "4975466d324710c576dc11ad614684e6bd8cad8e",
      "rev_count": 1078696,
      "rev_date": "2026-09-23T17:48:10Z",
      "scrape_date": "2026-09-25T05:30:01.342566Z",
      "stabilities": [
        "unstable"
      ],
      "unfree": true,
      "version": "2.1.280",
      "outputs_to_install": [
        "out"
      ],
      "outputs": {
        "out": "/nix/store/f110yz8jimsk0fk0r2az2bf0hzdk71wc-claude-code-2.1.280"
      },
      "system": "aarch64-linux",
      "group": "claude-code",
      "priority": 5
    },
    {
      "attr_path": "claude-code",
      "broken": false,
      "derivation": "/nix/store/7qwycvrd705kjy3pizis2pvirrbqndkf-claude-code-2.1.280.drv",
      "description": "Agentic coding tool that lives in your terminal, understands your codebase, and helps you code faster",
      "install_id": "claude-code",
      "license": "Unfree",
      "locked_url": "https://github.com/flox/nixpkgs?rev=4975466d324710c576dc11ad614684e6bd8cad8e",
      "name": "claude-code-2.1.280",
      "pname": "claude-code",
      "rev": "4975466d324710c576dc11ad614684e6bd8cad8e",
      "rev_count": 1078696,
      "rev_date": "2026-09-23T17:48:10Z",
      "scrape_date": "2026-09-25T06:06:25.014984Z",
      "stabilities": [
        "unstable"
      ],
      "unfree": true,
      "version": "2.1.280",
      "outputs_to_install": [
        "out"
      ],
      "outputs": {
        "out": "/nix/store/ybbqnyp5nlwsjl6ypi2rg2qgsiiw3k61-claude-code-2.1.280"
      },
      "system": "x86_64-linux",
      "group": "claude-code",
      "priority": 5
    },
    {
      "attr_path": "codex",
      "broken": false,
      "derivation": "/nix/store/396k9w876b16772s2d28m4759fgnsxmh-codex-0.156.1.drv",
      "description": "Lightweight coding agent that runs in your terminal",
      "install_id": "codex",
      "license": "Apache-2.0",
      "locked_url": "https://github.com/flox/nixpkgs?rev=4975466d324710c576dc11ad614684e6bd8cad8e",
      "name": "codex-0.156.1",
      "pname": "codex",
      "rev": "4975466d324710c576dc11ad614684e6bd8cad8e",
      "rev_count": 1078696,
      "rev_date": "2026-09-23T17:48:10Z",
      "scrape_date": "2026-09-25T04:58:28.445799Z",
      "stabilities": [
        "unstable"
      ],
      "unfree": false,
      "version": "0.156.1",
      "outputs_to_install": [
        "out"
      ],
      "outputs": {
        "out": "/nix/store/7csw8sp72dlbgf8hlpkx35rrwlb67363-codex-0.156.1"
      },
      "system": "aarch64-darwin",
      "group": "codex",
      "priority": 5
    },
    {
      "attr_path": "codex",
      "broken": false,
      "derivation": "/nix/store/l87dkz4wz2jmk42r5qz5p9pdwhsgcj9q-codex-0.156.1.drv",
      "description": "Lightweight coding agent that runs in your terminal",
      "install_id": "codex",
      "license": "Apache-2.0",
      "locked_url": "https://github.com/flox/nixpkgs?rev=4975466d324710c576dc11ad614684e6bd8cad8e",
      "name": "codex-0.156.1",
      "pname": "codex",
      "rev": "4975466d324710c576dc11ad614684e6bd8cad8e",
      "rev_count": 1078696,
      "rev_date": "2026-09-23T17:48:10Z",
      "scrape_date": "2026-09-25T05:30:01.406456Z",
      "stabilities": [
        "unstable"
      ],
      "unfree": false,
      "version": "0.156.1",
      "outputs_to_install": [
        "out"
      ],
      "outputs": {
        "out": "/nix/store/lzmk4yn90k6pkm89j8p3zmpgms5ywr9s-codex-0.156.1"
      },
      "system": "aarch64-linux",
      "group": "codex",
      "priority": 5
    },
    {
      "attr_path": "codex",
      "broken": false,
      "derivation": "/nix/store/1rxybg4gffmkw4pzzcmy8yhzccwfbn05-codex-0.156.1.drv",
      "description": "Lightweight coding agent that runs in your terminal",
      "install_id": "codex",
      "license": "Apache-2.0",
      "locked_url": "https://github.com/flox/nixpkgs?rev=4975466d324710c576dc11ad614684e6bd8cad8e",
      "name": "codex-0.156.1",
      "pname": "codex",
      "rev": "4975466d324710c576dc11ad614684e6bd8cad8e",
      "rev_count": 1078696,
      "rev_date": "2026-09-23T17:48:10Z",
      "scrape_date": "2026-09-25T06:06:25.078302Z",
      "stabilities": [
        "unstable"
      ],
      "unfree": false,
      "version": "0.156.1",
      "outputs_to_install": [
        "out"
      ],
      "outputs": {
        "out": "/nix/store/938cs7afvdcb8f5rqz8k1a950v4i6js4-codex-0.156.1"
      },
      "system": "x86_64-linux",
      "group": "codex",
      "priority": 5
    },
    {
      "attr_path": "bun",
      "broken": false,
      "derivation": "/nix/store/pbva94rwmdadsagw9wc9m2mcchid4c1x-bun-1.3.13.drv",
      "description": "Incredibly fast JavaScript runtime, bundler, transpiler and package manager – all in one",
      "install_id": "bun",
      "license": "[ MIT, LGPL-2.1-only ]",
      "locked_url": "https://github.com/flox/nixpkgs?rev=eaad089433ca2bb662274377d33df3d0e51ef28b",
      "name": "bun-1.3.13",
      "pname": "bun",
      "rev": "eaad089433ca2bb662274377d33df3d0e51ef28b",
      "rev_count": 1072397,
      "rev_date": "2026-09-11T18:00:29Z",
      "scrape_date": "2026-09-13T05:02:13.015176Z",
      "stabilities": [
        "unstable"
      ],
      "unfree": false,
      "version": "1.3.13",
      "outputs_to_install": [
        "out"
      ],
      "outputs": {
        "out": "/nix/store/iaqayjq88mcjdh0nxdgwn8ai3kfy13vl-bun-1.3.13"
      },
      "system": "aarch64-darwin",
      "group": "toplevel",
      "priority": 5
    },
    {
      "attr_path": "bun",
      "broken": false,
      "derivation": "/nix/store/bczh5wa37p99fns87n6559cc688c48pl-bun-1.3.13.drv",
      "description": "Incredibly fast JavaScript runtime, bundler, transpiler and package manager – all in one",
      "install_id": "bun",
      "license": "[ MIT, LGPL-2.1-only ]",
      "locked_url": "https://github.com/flox/nixpkgs?rev=eaad089433ca2bb662274377d33df3d0e51ef28b",
      "name": "bun-1.3.13",
      "pname": "bun",
      "rev": "eaad089433ca2bb662274377d33df3d0e51ef28b",
      "rev_count": 1072397,
      "rev_date": "2026-09-11T18:00:29Z",
      "scrape_date": "2026-09-13T05:37:22.985205Z",
      "stabilities": [
        "unstable"
      ],
      "unfree": false,
      "version": "1.3.13",
      "outputs_to_install": [
        "out"
      ],
      "outputs": {
        "out": "/nix/store/sywzr6l4vifh2apbig5df698z4djqkjv-bun-1.3.13"
      },
      "system": "aarch64-linux",
      "group": "toplevel",
      "priority": 5
    },
    {
      "attr_path": "bun",
      "broken": false,
      "derivation": "/nix/store/qh0q3sr6xx5qfgibk2k8npqp1qpn1jmg-bun-1.3.13.drv",
      "description": "Incredibly fast JavaScript runtime, bundler, transpiler and package manager – all in one",
      "install_id": "bun",
      "license": "[ MIT, LGPL-2.1-only ]",
      "locked_url": "https://github.com/flox/nixpkgs?rev=eaad089433ca2bb662274377d33df3d0e51ef28b",
      "name": "bun-1.3.13",
      "pname": "bun",
      "rev": "eaad089433ca2bb662274377d33df3d0e51ef28b",
      "rev_count": 1072397,
      "rev_date": "2026-09-11T18:00:29Z",
      "scrape_date": "2026-09-13T06:16:42.393231Z",
      "stabilities": [
        "unstable"
      ],
      "unfree": false,
      "version": "1.3.13",
      "outputs_to_install": [
        "out"
      ],
      "outputs": {
        "out": "/nix/store/0b3dbqr32r3s754sc71zwjx1vphmh8r7-bun-1.3.13"
      },
      "system": "x86_64-linux",
      "group": "toplevel",
      "priority": 5
    },
    {
      "attr_path": "go-task",
      "broken": false,
      "derivation": "/nix/store/5fmagzydsrp48rmjbrjnscbf5yqrb52h-go-task-3.53.1.drv",
      "description": "Task runner / simpler Make alternative written in Go",
      "install_id": "go-task",
      "license": "MIT",
      "locked_url": "https://github.com/flox/nixpkgs?rev=eaad089433ca2bb662274377d33df3d0e51ef28b",
      "name": "go-task-3.53.1",
      "pname": "go-task",
      "rev": "eaad089433ca2bb662274377d33df3d0e51ef28b",
      "rev_count": 1072397,
      "rev_date": "2026-09-11T18:00:29Z",
      "scrape_date": "2026-09-13T05:02:14.373148Z",
      "stabilities": [
        "unstable"
      ],
      "unfree": false,
      "version": "3.53.1",
      "outputs_to_install": [
        "out"
      ],
      "outputs": {
        "out": "/nix/store/7jqcib0kb5gjnk40fpgdbzgb79lf5fnf-go-task-3.53.1"
      },
      "system": "aarch64-darwin",
      "group": "toplevel",
      "priority": 5
    },
    {
      "attr_path": "go-task",
      "broken": false,
      "derivation": "/nix/store/7akalyrghwrwf3khi3pzlw66fbrbqb17-go-task-3.53.1.drv",
      "description": "Task runner / simpler Make alternative written in Go",
      "install_id": "go-task",
      "license": "MIT",
      "locked_url": "https://github.com/flox/nixpkgs?rev=eaad089433ca2bb662274377d33df3d0e51ef28b",
      "name": "go-task-3.53.1",
      "pname": "go-task",
      "rev": "eaad089433ca2bb662274377d33df3d0e51ef28b",
      "rev_count": 1072397,
      "rev_date": "2026-09-11T18:00:29Z",
      "scrape_date": "2026-09-13T05:37:25.565991Z",
      "stabilities": [
        "unstable"
      ],
      "unfree": false,
      "version": "3.53.1",
      "outputs_to_install": [
        "out"
      ],
      "outputs": {
        "out": "/nix/store/sjvr7gk3qnff81s2dqhg2zz1hp4498jg-go-task-3.53.1"
      },
      "system": "aarch64-linux",
      "group": "toplevel",
      "priority": 5
    },
    {
      "attr_path": "go-task",
      "broken": false,
      "derivation": "/nix/store/jzv88yzanzb6zf46hskcysbjfb4zy2b4-go-task-3.53.1.drv",
      "description": "Task runner / simpler Make alternative written in Go",
      "install_id": "go-task",
      "license": "MIT",
      "locked_url": "https://github.com/flox/nixpkgs?rev=eaad089433ca2bb662274377d33df3d0e51ef28b",
      "name": "go-task-3.53.1",
      "pname": "go-task",
      "rev": "eaad089433ca2bb662274377d33df3d0e51ef28b",
      "rev_count": 1072397,
      "rev_date": "2026-09-11T18:00:29Z",
      "scrape_date": "2026-09-13T06:16:45.104039Z",
      "stabilities": [
        "unstable"
      ],
      "unfree": false,
      "version": "3.53.1",
      "outputs_to_install": [
        "out"
      ],
      "outputs": {
        "out": "/nix/store/5f55ks7v3f7lg5z88zahl46dn42i4clv-go-task-3.53.1"
      },
      "system": "x86_64-linux",
      "group": "toplevel",
      "priority": 5
    },
    {
      "install_id": "infer",
      "locked-url": "github:inference-gateway/cli/06b37e705d12f442f61e02ab629c948b6c2d33b2?narHash=sha256-j2LQDks6NxPgS6FQBc2vaqDxBk8I8F2URyzRqzoIcxg%3D",
      "flake-description": "Inference Gateway CLI - infer",
      "locked-flake-attr-path": "packages.aarch64-darwin.default",
      "derivation": "/nix/store/ihld4mh3bwfvm9kqym5crf3jsh4iq9r3-infer-0.208.2.drv",
      "outputs": {
        "out": "/nix/store/ixy0s5b64qnfmdwjhirhr9ddlgs8vbaq-infer-0.208.2"
      },
      "output-names": [
        "out"
      ],
      "outputs-to-install": [
        "out"
      ],
      "requested-outputs-to-install": [],
      "package-system": "aarch64-darwin",
      "system": "aarch64-darwin",
      "name": "infer-0.208.2",
      "pname": "infer",
      "version": "0.208.2",
      "description": "Command-line interface for the Inference Gateway - AI model interaction manager",
      "licenses": [
        "MIT"
      ],
      "broken": false,
      "unfree": false,
      "priority": 5
    },
    {
      "install_id": "infer",
      "locked-url": "github:inference-gateway/cli/06b37e705d12f442f61e02ab629c948b6c2d33b2?narHash=sha256-j2LQDks6NxPgS6FQBc2vaqDxBk8I8F2URyzRqzoIcxg%3D",
      "flake-description": "Inference Gateway CLI - infer",
      "locked-flake-attr-path": "packages.aarch64-linux.default",
      "derivation": "/nix/store/1izzkb66x62y452x1afl09bbj69v9qkn-infer-0.208.2.drv",
      "outputs": {
        "out": "/nix/store/v1x1m0yaj8zyhhgvywj1266kkpcsrx0g-infer-0.208.2"
      },
      "output-names": [
        "out"
      ],
      "outputs-to-install": [
        "out"
      ],
      "requested-outputs-to-install": [],
      "package-system": "aarch64-linux",
      "system": "aarch64-linux",
      "name": "infer-0.208.2",
      "pname": "infer",
      "version": "0.208.2",
      "description": "Command-line interface for the Inference Gateway - AI model interaction manager",
      "licenses": [
        "MIT"
      ],
      "broken": false,
      "unfree": false,
      "priority": 5
    },
    {
      "install_id": "infer",
      "locked-url": "github:inference-gateway/cli/06b37e705d12f442f61e02ab629c948b6c2d33b2?narHash=sha256-j2LQDks6NxPgS6FQBc2vaqDxBk8I8F2URyzRqzoIcxg%3D",
      "flake-description": "Inference Gateway CLI - infer",
      "locked-flake-attr-path": "packages.x86_64-linux.default",
      "derivation": "/nix/store/3aw4k4sz9vgdp6xcjwfrq2qm43zzfarh-infer-0.208.2.drv",
      "outputs": {
        "out": "/nix/store/ywbds408nljs3gb3mpbz2xn3fjxx5vmw-infer-0.208.2"
      },
      "output-names": [
        "out"
      ],
      "outputs-to-install": [
        "out"
      ],
      "requested-outputs-to-install": [],
      "package-system": "x86_64-linux",
      "system": "x86_64-linux",
      "name": "infer-0.208.2",
      "pname": "infer",
      "version": "0.208.2",
      "description": "Command-line interface for the Inference Gateway - AI model interaction manager",
      "licenses": [
        "MIT"
      ],
      "broken": false,
      "unfree": false,
      "priority": 5
    }
  ]
}
