{
  "lockfile-version": 1,
  "manifest": {
    "schema-version": "1.15.0",
    "install": {
      "bun": {
        "pkg-path": "bun",
        "version": "1.3.13"
      },
      "claude-code": {
        "pkg-path": "claude-code",
        "pkg-group": "claude-code",
        "version": "2.1.238"
      },
      "codex": {
        "pkg-path": "codex",
        "pkg-group": "codex",
        "version": "0.149.0"
      },
      "go-task": {
        "pkg-path": "go-task",
        "version": "3.52.0"
      },
      "infer": {
        "flake": "github:inference-gateway/cli/v0.183.0"
      }
    },
    "hook": {
      "on-activate": "  task setup\n"
    },
    "options": {}
  },
  "packages": [
    {
      "attr_path": "claude-code",
      "broken": false,
      "derivation": "/nix/store/1pk8z3lpf4b902cfki2hj75pq7y4gsl2-claude-code-2.1.238.drv",
      "description": "Agentic coding tool that lives in your terminal, understands your codebase, and helps you code faster",
      "install_id": "claude-code",
      "license": "Unfree",
      "locked_url": "https://github.com/flox/nixpkgs?rev=56c02bc00adcf003215cc4bd996d6efaf4cff188",
      "name": "claude-code-2.1.238",
      "pname": "claude-code",
      "rev": "56c02bc00adcf003215cc4bd996d6efaf4cff188",
      "rev_count": 1060451,
      "rev_date": "2026-08-23T15:22:48Z",
      "scrape_date": "2026-08-25T04:56:36.841005Z",
      "stabilities": [
        "unstable"
      ],
      "unfree": true,
      "version": "2.1.238",
      "outputs_to_install": [
        "out"
      ],
      "outputs": {
        "out": "/nix/store/kjnmmrf7v36j58p28wfcxikqx95x360s-claude-code-2.1.238"
      },
      "system": "aarch64-darwin",
      "group": "claude-code",
      "priority": 5
    },
    {
      "attr_path": "claude-code",
      "broken": false,
      "derivation": "/nix/store/hmxbbx2fmz8dfz5zyhza7fdgpfg43sxg-claude-code-2.1.238.drv",
      "description": "Agentic coding tool that lives in your terminal, understands your codebase, and helps you code faster",
      "install_id": "claude-code",
      "license": "Unfree",
      "locked_url": "https://github.com/flox/nixpkgs?rev=56c02bc00adcf003215cc4bd996d6efaf4cff188",
      "name": "claude-code-2.1.238",
      "pname": "claude-code",
      "rev": "56c02bc00adcf003215cc4bd996d6efaf4cff188",
      "rev_count": 1060451,
      "rev_date": "2026-08-23T15:22:48Z",
      "scrape_date": "2026-08-25T05:27:21.992477Z",
      "stabilities": [
        "unstable"
      ],
      "unfree": true,
      "version": "2.1.238",
      "outputs_to_install": [
        "out"
      ],
      "outputs": {
        "out": "/nix/store/s88n98j5wn3mgav74nx46wlrvjzq1b9l-claude-code-2.1.238"
      },
      "system": "aarch64-linux",
      "group": "claude-code",
      "priority": 5
    },
    {
      "attr_path": "claude-code",
      "broken": false,
      "derivation": "/nix/store/myal77xjy2yldx80q552x1720zm28qfq-claude-code-2.1.238.drv",
      "description": "Agentic coding tool that lives in your terminal, understands your codebase, and helps you code faster",
      "install_id": "claude-code",
      "license": "Unfree",
      "locked_url": "https://github.com/flox/nixpkgs?rev=56c02bc00adcf003215cc4bd996d6efaf4cff188",
      "name": "claude-code-2.1.238",
      "pname": "claude-code",
      "rev": "56c02bc00adcf003215cc4bd996d6efaf4cff188",
      "rev_count": 1060451,
      "rev_date": "2026-08-23T15:22:48Z",
      "scrape_date": "2026-08-25T06:00:36.213524Z",
      "stabilities": [
        "unstable"
      ],
      "unfree": true,
      "version": "2.1.238",
      "outputs_to_install": [
        "out"
      ],
      "outputs": {
        "out": "/nix/store/kn3qc9ri2izd493mh78pmjlazk4610vq-claude-code-2.1.238"
      },
      "system": "x86_64-linux",
      "group": "claude-code",
      "priority": 5
    },
    {
      "attr_path": "codex",
      "broken": false,
      "derivation": "/nix/store/m87xv5vamv9vjazp4rbwyplaar5c9ppk-codex-0.149.0.drv",
      "description": "Lightweight coding agent that runs in your terminal",
      "install_id": "codex",
      "license": "Apache-2.0",
      "locked_url": "https://github.com/flox/nixpkgs?rev=56c02bc00adcf003215cc4bd996d6efaf4cff188",
      "name": "codex-0.149.0",
      "pname": "codex",
      "rev": "56c02bc00adcf003215cc4bd996d6efaf4cff188",
      "rev_count": 1060451,
      "rev_date": "2026-08-23T15:22:48Z",
      "scrape_date": "2026-08-25T04:56:36.883321Z",
      "stabilities": [
        "unstable"
      ],
      "unfree": false,
      "version": "0.149.0",
      "outputs_to_install": [
        "out"
      ],
      "outputs": {
        "out": "/nix/store/lq487899a3bnki85n99mbjd02yhky8iw-codex-0.149.0"
      },
      "system": "aarch64-darwin",
      "group": "codex",
      "priority": 5
    },
    {
      "attr_path": "codex",
      "broken": false,
      "derivation": "/nix/store/rdhiwxm2l7rm40l98yzzlbx7vq7cvhkc-codex-0.149.0.drv",
      "description": "Lightweight coding agent that runs in your terminal",
      "install_id": "codex",
      "license": "Apache-2.0",
      "locked_url": "https://github.com/flox/nixpkgs?rev=56c02bc00adcf003215cc4bd996d6efaf4cff188",
      "name": "codex-0.149.0",
      "pname": "codex",
      "rev": "56c02bc00adcf003215cc4bd996d6efaf4cff188",
      "rev_count": 1060451,
      "rev_date": "2026-08-23T15:22:48Z",
      "scrape_date": "2026-08-25T05:27:22.048318Z",
      "stabilities": [
        "unstable"
      ],
      "unfree": false,
      "version": "0.149.0",
      "outputs_to_install": [
        "out"
      ],
      "outputs": {
        "out": "/nix/store/qhgsjvd5ikr7k8rmi0fnipqh2pcqc412-codex-0.149.0"
      },
      "system": "aarch64-linux",
      "group": "codex",
      "priority": 5
    },
    {
      "attr_path": "codex",
      "broken": false,
      "derivation": "/nix/store/79jsrmcy0jpv89f9xws9h10dgr7i024x-codex-0.149.0.drv",
      "description": "Lightweight coding agent that runs in your terminal",
      "install_id": "codex",
      "license": "Apache-2.0",
      "locked_url": "https://github.com/flox/nixpkgs?rev=56c02bc00adcf003215cc4bd996d6efaf4cff188",
      "name": "codex-0.149.0",
      "pname": "codex",
      "rev": "56c02bc00adcf003215cc4bd996d6efaf4cff188",
      "rev_count": 1060451,
      "rev_date": "2026-08-23T15:22:48Z",
      "scrape_date": "2026-08-25T06:00:36.275045Z",
      "stabilities": [
        "unstable"
      ],
      "unfree": false,
      "version": "0.149.0",
      "outputs_to_install": [
        "out"
      ],
      "outputs": {
        "out": "/nix/store/al1ya5a2myhlvrwrgsiws3gyr621wa32-codex-0.149.0"
      },
      "system": "x86_64-linux",
      "group": "codex",
      "priority": 5
    },
    {
      "attr_path": "bun",
      "broken": false,
      "derivation": "/nix/store/c6s0ic2xc0xffz2cwhbab2p35f6yrzxh-bun-1.3.13.drv",
      "description": "Incredibly fast JavaScript runtime, bundler, transpiler and package manager – all in one",
      "install_id": "bun",
      "license": "[ MIT, LGPL-2.1-only ]",
      "locked_url": "https://github.com/flox/nixpkgs?rev=56c02bc00adcf003215cc4bd996d6efaf4cff188",
      "name": "bun-1.3.13",
      "pname": "bun",
      "rev": "56c02bc00adcf003215cc4bd996d6efaf4cff188",
      "rev_count": 1060451,
      "rev_date": "2026-08-23T15:22:48Z",
      "scrape_date": "2026-08-25T04:56:36.648258Z",
      "stabilities": [
        "unstable"
      ],
      "unfree": false,
      "version": "1.3.13",
      "outputs_to_install": [
        "out"
      ],
      "outputs": {
        "out": "/nix/store/kr5pp7mlvn17sj4z3kc2bi7cnihns1bf-bun-1.3.13"
      },
      "system": "aarch64-darwin",
      "group": "toplevel",
      "priority": 5
    },
    {
      "attr_path": "bun",
      "broken": false,
      "derivation": "/nix/store/qv971h6z1fk88k67xs7xydzfm52rrbv1-bun-1.3.13.drv",
      "description": "Incredibly fast JavaScript runtime, bundler, transpiler and package manager – all in one",
      "install_id": "bun",
      "license": "[ MIT, LGPL-2.1-only ]",
      "locked_url": "https://github.com/flox/nixpkgs?rev=56c02bc00adcf003215cc4bd996d6efaf4cff188",
      "name": "bun-1.3.13",
      "pname": "bun",
      "rev": "56c02bc00adcf003215cc4bd996d6efaf4cff188",
      "rev_count": 1060451,
      "rev_date": "2026-08-23T15:22:48Z",
      "scrape_date": "2026-08-25T05:27:21.742672Z",
      "stabilities": [
        "unstable"
      ],
      "unfree": false,
      "version": "1.3.13",
      "outputs_to_install": [
        "out"
      ],
      "outputs": {
        "out": "/nix/store/k6b8s259p59ckiahvg9pcmz0yhy4kvlh-bun-1.3.13"
      },
      "system": "aarch64-linux",
      "group": "toplevel",
      "priority": 5
    },
    {
      "attr_path": "bun",
      "broken": false,
      "derivation": "/nix/store/7h3640p4921b6nfqf9zxa45glrp4q79r-bun-1.3.13.drv",
      "description": "Incredibly fast JavaScript runtime, bundler, transpiler and package manager – all in one",
      "install_id": "bun",
      "license": "[ MIT, LGPL-2.1-only ]",
      "locked_url": "https://github.com/flox/nixpkgs?rev=56c02bc00adcf003215cc4bd996d6efaf4cff188",
      "name": "bun-1.3.13",
      "pname": "bun",
      "rev": "56c02bc00adcf003215cc4bd996d6efaf4cff188",
      "rev_count": 1060451,
      "rev_date": "2026-08-23T15:22:48Z",
      "scrape_date": "2026-08-25T06:00:35.940561Z",
      "stabilities": [
        "unstable"
      ],
      "unfree": false,
      "version": "1.3.13",
      "outputs_to_install": [
        "out"
      ],
      "outputs": {
        "out": "/nix/store/dynr642xrg1fib1y2ry70hybjmzvqz3y-bun-1.3.13"
      },
      "system": "x86_64-linux",
      "group": "toplevel",
      "priority": 5
    },
    {
      "attr_path": "go-task",
      "broken": false,
      "derivation": "/nix/store/gj52dfrvbmzli9zgsxs5nr8pq9dnx3a3-go-task-3.52.0.drv",
      "description": "Task runner / simpler Make alternative written in Go",
      "install_id": "go-task",
      "license": "MIT",
      "locked_url": "https://github.com/flox/nixpkgs?rev=56c02bc00adcf003215cc4bd996d6efaf4cff188",
      "name": "go-task-3.52.0",
      "pname": "go-task",
      "rev": "56c02bc00adcf003215cc4bd996d6efaf4cff188",
      "rev_count": 1060451,
      "rev_date": "2026-08-23T15:22:48Z",
      "scrape_date": "2026-08-25T04:56:37.960978Z",
      "stabilities": [
        "unstable"
      ],
      "unfree": false,
      "version": "3.52.0",
      "outputs_to_install": [
        "out"
      ],
      "outputs": {
        "out": "/nix/store/cai65hxx8nfq0pcy1jsi9bpf9rdkgm8d-go-task-3.52.0"
      },
      "system": "aarch64-darwin",
      "group": "toplevel",
      "priority": 5
    },
    {
      "attr_path": "go-task",
      "broken": false,
      "derivation": "/nix/store/wmdyhn95p90c069j12zwz31g1kszwj95-go-task-3.52.0.drv",
      "description": "Task runner / simpler Make alternative written in Go",
      "install_id": "go-task",
      "license": "MIT",
      "locked_url": "https://github.com/flox/nixpkgs?rev=56c02bc00adcf003215cc4bd996d6efaf4cff188",
      "name": "go-task-3.52.0",
      "pname": "go-task",
      "rev": "56c02bc00adcf003215cc4bd996d6efaf4cff188",
      "rev_count": 1060451,
      "rev_date": "2026-08-23T15:22:48Z",
      "scrape_date": "2026-08-25T05:27:24.289889Z",
      "stabilities": [
        "unstable"
      ],
      "unfree": false,
      "version": "3.52.0",
      "outputs_to_install": [
        "out"
      ],
      "outputs": {
        "out": "/nix/store/viya59rc1708vqi0g67kzmsnvn4ql3gn-go-task-3.52.0"
      },
      "system": "aarch64-linux",
      "group": "toplevel",
      "priority": 5
    },
    {
      "attr_path": "go-task",
      "broken": false,
      "derivation": "/nix/store/zf3yrbidi6fxh2lcng7axqyi171s1ygg-go-task-3.52.0.drv",
      "description": "Task runner / simpler Make alternative written in Go",
      "install_id": "go-task",
      "license": "MIT",
      "locked_url": "https://github.com/flox/nixpkgs?rev=56c02bc00adcf003215cc4bd996d6efaf4cff188",
      "name": "go-task-3.52.0",
      "pname": "go-task",
      "rev": "56c02bc00adcf003215cc4bd996d6efaf4cff188",
      "rev_count": 1060451,
      "rev_date": "2026-08-23T15:22:48Z",
      "scrape_date": "2026-08-25T06:00:38.748718Z",
      "stabilities": [
        "unstable"
      ],
      "unfree": false,
      "version": "3.52.0",
      "outputs_to_install": [
        "out"
      ],
      "outputs": {
        "out": "/nix/store/x9x07fj5xhwp1riqms54b75izn59xdch-go-task-3.52.0"
      },
      "system": "x86_64-linux",
      "group": "toplevel",
      "priority": 5
    },
    {
      "install_id": "infer",
      "locked-url": "github:inference-gateway/cli/ef3889df30a9a08b1c0c0d75972dacec9cc12105?narHash=sha256-JsEkRxqGW6iUw/LdH8dvU56VOkH%2Biz1rIeHpt49qQk8%3D",
      "flake-description": "Inference Gateway CLI - infer",
      "locked-flake-attr-path": "packages.aarch64-darwin.default",
      "derivation": "/nix/store/gkhwx1ywwh65ayvcr0pinqrm5i4b7cmi-infer-0.183.0.drv",
      "outputs": {
        "out": "/nix/store/7sv3nii4hkafzmbxcd4rxars1rd441b6-infer-0.183.0"
      },
      "output-names": [
        "out"
      ],
      "outputs-to-install": [
        "out"
      ],
      "requested-outputs-to-install": [],
      "package-system": "aarch64-darwin",
      "system": "aarch64-darwin",
      "name": "infer-0.183.0",
      "pname": "infer",
      "version": "0.183.0",
      "description": "Command-line interface for the Inference Gateway - AI model interaction manager",
      "licenses": [
        "MIT"
      ],
      "broken": false,
      "unfree": false,
      "priority": 5
    },
    {
      "install_id": "infer",
      "locked-url": "github:inference-gateway/cli/ef3889df30a9a08b1c0c0d75972dacec9cc12105?narHash=sha256-JsEkRxqGW6iUw/LdH8dvU56VOkH%2Biz1rIeHpt49qQk8%3D",
      "flake-description": "Inference Gateway CLI - infer",
      "locked-flake-attr-path": "packages.aarch64-linux.default",
      "derivation": "/nix/store/ggjr0c9lziv2yz323x6kq550jgwsf2gx-infer-0.183.0.drv",
      "outputs": {
        "out": "/nix/store/nnzvchn58bz95cc4nk36a4568l04hqcj-infer-0.183.0"
      },
      "output-names": [
        "out"
      ],
      "outputs-to-install": [
        "out"
      ],
      "requested-outputs-to-install": [],
      "package-system": "aarch64-linux",
      "system": "aarch64-linux",
      "name": "infer-0.183.0",
      "pname": "infer",
      "version": "0.183.0",
      "description": "Command-line interface for the Inference Gateway - AI model interaction manager",
      "licenses": [
        "MIT"
      ],
      "broken": false,
      "unfree": false,
      "priority": 5
    },
    {
      "install_id": "infer",
      "locked-url": "github:inference-gateway/cli/ef3889df30a9a08b1c0c0d75972dacec9cc12105?narHash=sha256-JsEkRxqGW6iUw/LdH8dvU56VOkH%2Biz1rIeHpt49qQk8%3D",
      "flake-description": "Inference Gateway CLI - infer",
      "locked-flake-attr-path": "packages.x86_64-linux.default",
      "derivation": "/nix/store/7bpbyz3p1mmi78zfd49pl63v756z173i-infer-0.183.0.drv",
      "outputs": {
        "out": "/nix/store/zcn3lk108bcsb1h6x3adbqia9fygzn2h-infer-0.183.0"
      },
      "output-names": [
        "out"
      ],
      "outputs-to-install": [
        "out"
      ],
      "requested-outputs-to-install": [],
      "package-system": "x86_64-linux",
      "system": "x86_64-linux",
      "name": "infer-0.183.0",
      "pname": "infer",
      "version": "0.183.0",
      "description": "Command-line interface for the Inference Gateway - AI model interaction manager",
      "licenses": [
        "MIT"
      ],
      "broken": false,
      "unfree": false,
      "priority": 5
    }
  ]
}
